# This file is autogenerated, do not edit; changes may be undone by the next 'dep ensure'.


[[projects]]
  name = "github.com/PuerkitoBio/purell"
  packages = ["."]
  revision = "44968752391892e1b0d0b821ee79e9a85fa13049"
  version = "v1.1.1"

[[projects]]
  branch = "master"
  name = "github.com/PuerkitoBio/urlesc"
  packages = ["."]
  revision = "de5bf2ad457846296e2031421a34e2568e304e35"

[[projects]]
  name = "github.com/asaskevich/govalidator"
  packages = ["."]
  revision = "ccb8e960c48f04d6935e72476ae4a51028f9e22f"
  version = "v9"

[[projects]]
  name = "github.com/davecgh/go-spew"
  packages = ["spew"]
  revision = "8991bc29aa16c548c550c7ff78260e27b9ab7c73"
  version = "v1.1.1"

[[projects]]
  name = "github.com/docker/distribution"
  packages = [
    "digestset",
    "reference"
  ]
  revision = "2461543d988979529609e8cb6fca9ca190dc48da"
  version = "v2.7.1"

[[projects]]
  name = "github.com/emicklei/go-restful"
  packages = [
    ".",
    "log"
  ]
  revision = "f48aa74d360eda838561e6db9d36c6538398343f"
  version = "v2.10.0"

[[projects]]
  name = "github.com/emicklei/go-restful-swagger12"
  packages = ["."]
  revision = "dcef7f55730566d41eae5db10e7d6981829720f6"
  version = "1.0.1"

[[projects]]
  name = "github.com/fsnotify/fsnotify"
  packages = ["."]
  revision = "c2828203cd70a50dcccfb2761f8b1f8ceef9a8e9"
  version = "v1.4.7"

[[projects]]
  name = "github.com/ghodss/yaml"
  packages = ["."]
  revision = "0ca9ea5df5451ffdf184b4428c902747c2c11cd7"
  version = "v1.0.0"

[[projects]]
  name = "github.com/go-openapi/analysis"
  packages = [
    ".",
    "internal"
  ]
  revision = "9864a87593df5ab83eac00921906932d1d77fae2"
  version = "v0.19.5"

[[projects]]
  name = "github.com/go-openapi/errors"
  packages = ["."]
  revision = "0b2a0a1f89aa2eec2d13e03cd80ab0fdaf01f8ce"
  version = "v0.19.2"

[[projects]]
  name = "github.com/go-openapi/jsonpointer"
  packages = ["."]
  revision = "ed123515f087412cd7ef02e49b0b0a5e6a79a360"
  version = "v0.19.3"

[[projects]]
  name = "github.com/go-openapi/jsonreference"
  packages = ["."]
  revision = "82f31475a8f7a12bc26962f6e26ceade8ea6f66a"
  version = "v0.19.3"

[[projects]]
  name = "github.com/go-openapi/loads"
  packages = ["."]
  revision = "c763e5411fc5c14c69d5d44f02b9d92e6f122d2c"
  version = "v0.19.3"

[[projects]]
  name = "github.com/go-openapi/spec"
  packages = ["."]
  revision = "2223ab324566e4ace63ab69b9c8fff1b81a40eeb"
  version = "v0.19.3"

[[projects]]
  name = "github.com/go-openapi/strfmt"
  packages = ["."]
  revision = "6faa644e1cdafc07f7b38eb06c1af5f92128f289"
  version = "v0.19.3"

[[projects]]
  name = "github.com/go-openapi/swag"
  packages = ["."]
  revision = "c3d0f7896d589f3babb99eea24bbc7de98108e72"
  version = "v0.19.5"

[[projects]]
  name = "github.com/go-stack/stack"
  packages = ["."]
  revision = "2fee6af1a9795aafbe0253a0cfbdf668e1fb8a9a"
  version = "v1.8.0"

[[projects]]
  name = "github.com/gogo/protobuf"
  packages = [
    "proto",
    "sortkeys"
  ]
  revision = "0ca988a254f991240804bf9821f3450d87ccbb1b"
  version = "v1.3.0"

[[projects]]
  branch = "master"
  name = "github.com/golang/glog"
  packages = ["."]
  revision = "23def4e6c14b4da8ac2ed8007337bc5eb5007998"

[[projects]]
  name = "github.com/google/gofuzz"
  packages = ["."]
  revision = "f140a6486e521aad38f5917de355cbf147cc0496"
  version = "v1.0.0"

[[projects]]
  name = "github.com/hashicorp/hcl"
  packages = [
    ".",
    "hcl/ast",
    "hcl/parser",
    "hcl/printer",
    "hcl/scanner",
    "hcl/strconv",
    "hcl/token",
    "json/parser",
    "json/scanner",
    "json/token"
  ]
  revision = "8cb6e5b959231cc1119e43259c4a608f9c51a241"
  version = "v1.0.0"

[[projects]]
  branch = "master"
  name = "github.com/howeyc/gopass"
  packages = ["."]
  revision = "7cb4b85ec19c7c220ab71433a230f7eb200d639d"

[[projects]]
  name = "github.com/imdario/mergo"
  packages = ["."]
  revision = "7c29201646fa3de8506f701213473dd407f19646"
  version = "v0.3.7"

[[projects]]
  name = "github.com/inconshreveable/mousetrap"
  packages = ["."]
  revision = "76626ae9c91c4f2a10f34cad8ce83ea42c93bb75"
  version = "v1.0"

[[projects]]
  name = "github.com/json-iterator/go"
  packages = ["."]
  revision = "27518f6661eba504be5a7a9a9f6d9460d892ade3"
  version = "v1.1.7"

[[projects]]
  name = "github.com/juju/ratelimit"
  packages = ["."]
  revision = "59fac5042749a5afb9af70e813da1dd5474f0167"
  version = "1.0.1"

[[projects]]
  name = "github.com/konsorten/go-windows-terminal-sequences"
  packages = ["."]
  revision = "f55edac94c9bbba5d6182a4be46d86a2c9b5b50e"
  version = "v1.0.2"

[[projects]]
  name = "github.com/kubernetes/kubernetes"
  packages = ["staging/src/k8s.io/client-go/util/retry"]
  revision = "2d3c76f9091b6bec110a5e63777c332469e0cba2"
  version = "v1.15.3"

[[projects]]
  name = "github.com/magiconair/properties"
  packages = ["."]
  revision = "de8848e004dd33dc07a2947b3d76f618a7fc7ef1"
  version = "v1.8.1"

[[projects]]
  name = "github.com/mailru/easyjson"
  packages = [
    "buffer",
    "jlexer",
    "jwriter"
  ]
  revision = "1b2b06f5f209fea48ff5922d8bfb2b9ed5d8f00b"
  version = "v0.7.0"

[[projects]]
  name = "github.com/mitchellh/mapstructure"
  packages = ["."]
  revision = "3536a929edddb9a5b34bd6861dc4a9647cb459fe"
  version = "v1.1.2"

[[projects]]
  name = "github.com/modern-go/concurrent"
  packages = ["."]
  revision = "bacd9c7ef1dd9b15be4a9909b8ac7a4e313eec94"
  version = "1.0.3"

[[projects]]
  name = "github.com/modern-go/reflect2"
  packages = ["."]
  revision = "4b7aa43c6742a2c18fdef89dd197aaae7dac7ccd"
  version = "1.0.1"

[[projects]]
  name = "github.com/opencontainers/go-digest"
  packages = ["."]
  revision = "279bed98673dd5bef374d3b6e4b09e2af76183bf"
  version = "v1.0.0-rc1"

[[projects]]
  name = "github.com/pelletier/go-toml"
  packages = ["."]
  revision = "728039f679cbcd4f6a54e080d2219a4c4928c546"
  version = "v1.4.0"

[[projects]]
  name = "github.com/sirupsen/logrus"
  packages = ["."]
  revision = "07a84ee7412e7a28663d92930a1d46f81b124ee1"

[[projects]]
  name = "github.com/spf13/afero"
  packages = [
    ".",
    "mem"
  ]
  revision = "588a75ec4f32903aa5e39a2619ba6a4631e28424"
  version = "v1.2.2"

[[projects]]
  name = "github.com/spf13/cast"
  packages = ["."]
  revision = "8c9545af88b134710ab1cd196795e7f2388358d7"
  version = "v1.3.0"

[[projects]]
  name = "github.com/spf13/cobra"
  packages = ["."]
  revision = "f2b07da1e2c38d5f12845a4f607e2e1018cbb1f5"
  version = "v0.0.5"

[[projects]]
  name = "github.com/spf13/jwalterweatherman"
  packages = ["."]
  revision = "94f6ae3ed3bceceafa716478c5fbf8d29ca601a1"
  version = "v1.1.0"

[[projects]]
  name = "github.com/spf13/pflag"
  packages = ["."]
  revision = "298182f68c66c05229eb03ac171abe6e309ee79a"
  version = "v1.0.3"

[[projects]]
  name = "github.com/spf13/viper"
  packages = ["."]
  revision = "b5bf975e5823809fb22c7644d008757f78a4259e"
  version = "v1.4.0"

[[projects]]
  name = "github.com/ugorji/go"
  packages = ["codec"]
  revision = "ded73eae5db7e7a0ef6f55aace87a2873c5d2b74"

[[projects]]
  name = "go.mongodb.org/mongo-driver"
  packages = [
    "bson",
    "bson/bsoncodec",
    "bson/bsonrw",
    "bson/bsontype",
    "bson/primitive",
    "x/bsonx/bsoncore"
  ]
  revision = "c520d023af0a89aec8b7f97717b52da270df2c38"
  version = "v1.1.1"

[[projects]]
  branch = "master"
  name = "golang.org/x/crypto"
  packages = ["ssh/terminal"]
  revision = "227b76d455e791cb042b03e633e2f7fbcfdf74a5"

[[projects]]
  branch = "master"
  name = "golang.org/x/net"
  packages = [
    "http/httpguts",
    "http2",
    "http2/hpack",
    "idna"
  ]
  revision = "c8589233b77dde5edd2205ba8a4fb5c9c2472556"

[[projects]]
  branch = "master"
  name = "golang.org/x/sys"
  packages = [
    "unix",
    "windows"
  ]
  revision = "b4ddaad3f8a36719f2b8bc6486c14cc468ca2bb5"

[[projects]]
  name = "golang.org/x/text"
  packages = [
    "collate",
    "collate/build",
    "internal/colltab",
    "internal/gen",
    "internal/language",
    "internal/language/compact",
    "internal/tag",
    "internal/triegen",
    "internal/ucd",
    "language",
    "secure/bidirule",
    "transform",
    "unicode/bidi",
    "unicode/cldr",
    "unicode/norm",
    "unicode/rangetable",
    "width"
  ]
  revision = "342b2e1fbaa52c93f31447ad2c6abc048c63e475"
  version = "v0.3.2"

[[projects]]
  name = "gopkg.in/inf.v0"
  packages = ["."]
  revision = "d2d2541c53f18d2a059457998ce2876cc8e67cbf"
  version = "v0.9.1"

[[projects]]
  name = "gopkg.in/yaml.v2"
  packages = ["."]
  revision = "51d6538a90f86fe93ac480b35f37b2be17fef232"
  version = "v2.2.2"

[[projects]]
  name = "k8s.io/apimachinery"
  packages = [
    "pkg/api/equality",
    "pkg/api/errors",
    "pkg/api/meta",
    "pkg/api/resource",
    "pkg/apimachinery",
    "pkg/apimachinery/announced",
    "pkg/apimachinery/registered",
    "pkg/apis/meta/v1",
    "pkg/apis/meta/v1/unstructured",
    "pkg/apis/meta/v1alpha1",
    "pkg/conversion",
    "pkg/conversion/queryparams",
    "pkg/conversion/unstructured",
    "pkg/fields",
    "pkg/labels",
    "pkg/openapi",
    "pkg/runtime",
    "pkg/runtime/schema",
    "pkg/runtime/serializer",
    "pkg/runtime/serializer/json",
    "pkg/runtime/serializer/protobuf",
    "pkg/runtime/serializer/recognizer",
    "pkg/runtime/serializer/streaming",
    "pkg/runtime/serializer/versioning",
    "pkg/selection",
    "pkg/types",
    "pkg/util/clock",
    "pkg/util/diff",
    "pkg/util/errors",
    "pkg/util/framer",
    "pkg/util/intstr",
    "pkg/util/json",
    "pkg/util/net",
    "pkg/util/rand",
    "pkg/util/runtime",
    "pkg/util/sets",
    "pkg/util/validation",
    "pkg/util/validation/field",
    "pkg/util/wait",
    "pkg/util/yaml",
    "pkg/version",
    "pkg/watch",
    "third_party/forked/golang/reflect"
  ]
  revision = "1fd2e63a9a370677308a42f24fd40c86438afddf"

[[projects]]
  name = "k8s.io/client-go"
  packages = [
    "discovery",
    "discovery/fake",
    "kubernetes",
    "kubernetes/fake",
    "kubernetes/scheme",
    "kubernetes/typed/admissionregistration/v1alpha1",
    "kubernetes/typed/admissionregistration/v1alpha1/fake",
    "kubernetes/typed/apps/v1beta1",
    "kubernetes/typed/apps/v1beta1/fake",
    "kubernetes/typed/authentication/v1",
    "kubernetes/typed/authentication/v1/fake",
    "kubernetes/typed/authentication/v1beta1",
    "kubernetes/typed/authentication/v1beta1/fake",
    "kubernetes/typed/authorization/v1",
    "kubernetes/typed/authorization/v1/fake",
    "kubernetes/typed/authorization/v1beta1",
    "kubernetes/typed/authorization/v1beta1/fake",
    "kubernetes/typed/autoscaling/v1",
    "kubernetes/typed/autoscaling/v1/fake",
    "kubernetes/typed/autoscaling/v2alpha1",
    "kubernetes/typed/autoscaling/v2alpha1/fake",
    "kubernetes/typed/batch/v1",
    "kubernetes/typed/batch/v1/fake",
    "kubernetes/typed/batch/v2alpha1",
    "kubernetes/typed/batch/v2alpha1/fake",
    "kubernetes/typed/certificates/v1beta1",
    "kubernetes/typed/certificates/v1beta1/fake",
    "kubernetes/typed/core/v1",
    "kubernetes/typed/core/v1/fake",
    "kubernetes/typed/extensions/v1beta1",
    "kubernetes/typed/extensions/v1beta1/fake",
    "kubernetes/typed/networking/v1",
    "kubernetes/typed/networking/v1/fake",
    "kubernetes/typed/policy/v1beta1",
    "kubernetes/typed/policy/v1beta1/fake",
    "kubernetes/typed/rbac/v1alpha1",
    "kubernetes/typed/rbac/v1alpha1/fake",
    "kubernetes/typed/rbac/v1beta1",
    "kubernetes/typed/rbac/v1beta1/fake",
    "kubernetes/typed/settings/v1alpha1",
    "kubernetes/typed/settings/v1alpha1/fake",
    "kubernetes/typed/storage/v1",
    "kubernetes/typed/storage/v1/fake",
    "kubernetes/typed/storage/v1beta1",
    "kubernetes/typed/storage/v1beta1/fake",
    "pkg/api",
    "pkg/api/v1",
    "pkg/api/v1/ref",
    "pkg/apis/admissionregistration",
    "pkg/apis/admissionregistration/v1alpha1",
    "pkg/apis/apps",
    "pkg/apis/apps/v1beta1",
    "pkg/apis/authentication",
    "pkg/apis/authentication/v1",
    "pkg/apis/authentication/v1beta1",
    "pkg/apis/authorization",
    "pkg/apis/authorization/v1",
    "pkg/apis/authorization/v1beta1",
    "pkg/apis/autoscaling",
    "pkg/apis/autoscaling/v1",
    "pkg/apis/autoscaling/v2alpha1",
    "pkg/apis/batch",
    "pkg/apis/batch/v1",
    "pkg/apis/batch/v2alpha1",
    "pkg/apis/certificates",
    "pkg/apis/certificates/v1beta1",
    "pkg/apis/extensions",
    "pkg/apis/extensions/v1beta1",
    "pkg/apis/networking",
    "pkg/apis/networking/v1",
    "pkg/apis/policy",
    "pkg/apis/policy/v1beta1",
    "pkg/apis/rbac",
    "pkg/apis/rbac/v1alpha1",
    "pkg/apis/rbac/v1beta1",
    "pkg/apis/settings",
    "pkg/apis/settings/v1alpha1",
    "pkg/apis/storage",
    "pkg/apis/storage/v1",
    "pkg/apis/storage/v1beta1",
    "pkg/util",
    "pkg/util/parsers",
    "pkg/version",
    "rest",
    "rest/watch",
    "testing",
    "tools/auth",
    "tools/clientcmd",
    "tools/clientcmd/api",
    "tools/clientcmd/api/latest",
    "tools/clientcmd/api/v1",
    "tools/metrics",
    "transport",
    "util/cert",
    "util/flowcontrol",
    "util/homedir",
    "util/integer"
  ]
  revision = "d92e8497f71b7b4e0494e5bd204b48d34bd6f254"
  version = "v4.0.0"

[solve-meta]
  analyzer-name = "dep"
  analyzer-version = 1
  inputs-digest = "3dbb1ccb4de37044535981089a070a4bb7b143c068a036d48b5f61efef62928b"
  solver-name = "gps-cdcl"
  solver-version = 1
